PODS:
  - ENSwiftSideMenu (0.1.2):
    - ENSwiftSideMenu/BlurEffect (= 0.1.2)
  - ENSwiftSideMenu/BlurEffect (0.1.2):
    - UIImageEffects
  - UIImageEffects (0.0.1)

DEPENDENCIES:
  - ENSwiftSideMenu (from `https://github.com/re-mondes/ENSwiftSideMenu.git`)

EXTERNAL SOURCES:
  ENSwiftSideMenu:
    :git: https://github.com/re-mondes/ENSwiftSideMenu.git

CHECKOUT OPTIONS:
  ENSwiftSideMenu:
    :commit: 924898ac13bcc6034fe3fcc759e51fd64b9ea990
    :git: https://github.com/re-mondes/ENSwiftSideMenu.git

SPEC CHECKSUMS:
  ENSwiftSideMenu: b0d75922830a0ff191baba0738770a5a7ccec1db
  UIImageEffects: 37b99fa461e4965f332ca82e92f2c22a1075ee84

COCOAPODS: 0.39.0
