PODS:
  - ENSwiftSideMenu (0.1.3)

DEPENDENCIES:
  - ENSwiftSideMenu (from `https://github.com/re-mondes/ENSwiftSideMenu.git`)

EXTERNAL SOURCES:
  ENSwiftSideMenu:
    :git: https://github.com/re-mondes/ENSwiftSideMenu.git

CHECKOUT OPTIONS:
  ENSwiftSideMenu:
    :commit: 378c5900f4cfad2f47d0a8068f027e0c58b89094
    :git: https://github.com/re-mondes/ENSwiftSideMenu.git

SPEC CHECKSUMS:
  ENSwiftSideMenu: aab2ad08e3daa82d1d606cef08377b3561cd423d

COCOAPODS: 0.39.0
