PODS:
  - ENSwiftSideMenu (0.1.1):
    - ENSwiftSideMenu/BlurEffect (= 0.1.1)
  - ENSwiftSideMenu/BlurEffect (0.1.1):
    - UIImageEffects
  - UIImageEffects (0.0.1)

DEPENDENCIES:
  - ENSwiftSideMenu (from `https://github.com/re-mondes/ENSwiftSideMenu.git`)

EXTERNAL SOURCES:
  ENSwiftSideMenu:
    :git: https://github.com/re-mondes/ENSwiftSideMenu.git

CHECKOUT OPTIONS:
  ENSwiftSideMenu:
    :commit: a98db68e7ee96650e9e3aa57d3710bf592995d61
    :git: https://github.com/re-mondes/ENSwiftSideMenu.git

SPEC CHECKSUMS:
  ENSwiftSideMenu: 853186ecf65b95b5e6decfae710deac28a3d2f16
  UIImageEffects: 37b99fa461e4965f332ca82e92f2c22a1075ee84

COCOAPODS: 0.39.0
